
Microsoft Visual Studio Solution File, Format Version 12.00
# Visual Studio Version 17
VisualStudioVersion = 17.9.34728.123
MinimumVisualStudioVersion = 10.0.40219.1
Project("{FAE04EC0-301F-11D3-BF4B-00C04F79EFBC}") = "lista1ex2", "lista1ex2\lista1ex2.csproj", "{DA8CB503-D176-4A7F-9B1B-63D399E2CC25}"
EndProject
Global
	GlobalSection(SolutionConfigurationPlatforms) = preSolution
		Debug|Any CPU = Debug|Any CPU
		Release|Any CPU = Release|Any CPU
	EndGlobalSection
	GlobalSection(ProjectConfigurationPlatforms) = postSolution
		{DA8CB503-D176-4A7F-9B1B-63D399E2CC25}.Debug|Any CPU.ActiveCfg = Debug|Any CPU
		{DA8CB503-D176-4A7F-9B1B-63D399E2CC25}.Debug|Any CPU.Build.0 = Debug|Any CPU
		{DA8CB503-D176-4A7F-9B1B-63D399E2CC25}.Release|Any CPU.ActiveCfg = Release|Any CPU
		{DA8CB503-D176-4A7F-9B1B-63D399E2CC25}.Release|Any CPU.Build.0 = Release|Any CPU
	EndGlobalSection
	GlobalSection(SolutionProperties) = preSolution
		HideSolutionNode = FALSE
	EndGlobalSection
	GlobalSection(ExtensibilityGlobals) = postSolution
		SolutionGuid = {656AE420-7A23-4D2F-9A16-1A46C38B6B45}
	EndGlobalSection
EndGlobal
